{
  "name": "enrich-activities",
  "version": "1.0.0",
  "lockfileVersion": 3,
  "requires": true,
  "packages": {
    "": {
      "name": "enrich-activities",
      "version": "1.0.0",
      "license": "ISC",
      "dependencies": {
        "openai": "^6.2.0",
        "papaparse": "^5.5.3"
      },
      "devDependencies": {
        "@types/node": "^24.7.0",
        "@types/papaparse": "^5.3.16"
      }
    },
    "node_modules/@types/node": {
      "version": "24.7.0",
      "resolved": "https://registry.npmjs.org/@types/node/-/node-24.7.0.tgz",
      "integrity": "sha512-IbKooQVqUBrlzWTi79E8Fw78l8k1RNtlDDNWsFZs7XonuQSJ8oNYfEeclhprUldXISRMLzBpILuKgPlIxm+/Yw==",
      "dev": true,
      "dependencies": {
        "undici-types": "~7.14.0"
      }
    },
    "node_modules/@types/papaparse": {
      "version": "5.3.16",
      "resolved": "https://registry.npmjs.org/@types/papaparse/-/papaparse-5.3.16.tgz",
      "integrity": "sha512-T3VuKMC2H0lgsjI9buTB3uuKj3EMD2eap1MOuEQuBQ44EnDx/IkGhU6EwiTf9zG3za4SKlmwKAImdDKdNnCsXg==",
      "dev": true,
      "dependencies": {
        "@types/node": "*"
      }
    },
    "node_modules/openai": {
      "version": "6.2.0",
      "resolved": "https://registry.npmjs.org/openai/-/openai-6.2.0.tgz",
      "integrity": "sha512-qqjzHls7F5xkXNGy9P1Ei1rorI5LWupUUFWP66zPU8FlZbiITX8SFcHMKNZg/NATJ0LpIZcMUFxSwQmdeQPwSw==",
      "bin": {
        "openai": "bin/cli"
      },
      "peerDependencies": {
        "ws": "^8.18.0",
        "zod": "^3.25 || ^4.0"
      },
      "peerDependenciesMeta": {
        "ws": {
          "optional": true
        },
        "zod": {
          "optional": true
        }
      }
    },
    "node_modules/papaparse": {
      "version": "5.5.3",
      "resolved": "https://registry.npmjs.org/papaparse/-/papaparse-5.5.3.tgz",
      "integrity": "sha512-5QvjGxYVjxO59MGU2lHVYpRWBBtKHnlIAcSe1uNFCkkptUh63NFRj0FJQm7nR67puEruUci/ZkjmEFrjCAyP4A=="
    },
    "node_modules/undici-types": {
      "version": "7.14.0",
      "resolved": "https://registry.npmjs.org/undici-types/-/undici-types-7.14.0.tgz",
      "integrity": "sha512-QQiYxHuyZ9gQUIrmPo3IA+hUl4KYk8uSA7cHrcKd/l3p1OTpZcM0Tbp9x7FAtXdAYhlasd60ncPpgu6ihG6TOA==",
      "dev": true
    }
  }
}
